// !$*UTF8*$!
{
	archiveVersion = 1;
	classes = {
	};
	objectVersion = 50;
	objects = {

/* Begin PBXBuildFile section */
		FC2D144126B426CD007BC944 /* Tests_iOS.swift in Sources */ = {isa = PBXBuildFile; fileRef = FC2D144026B426CD007BC944 /* Tests_iOS.swift */; };
		FC2D144C26B426CD007BC944 /* Tests_macOS.swift in Sources */ = {isa = PBXBuildFile; fileRef = FC2D144B26B426CD007BC944 /* Tests_macOS.swift */; };
		FC2D144E26B426CD007BC944 /* nomikop.xcdatamodeld in Sources */ = {isa = PBXBuildFile; fileRef = FC2D142226B426CB007BC944 /* nomikop.xcdatamodeld */; };
		FC2D144F26B426CD007BC944 /* nomikop.xcdatamodeld in Sources */ = {isa = PBXBuildFile; fileRef = FC2D142226B426CB007BC944 /* nomikop.xcdatamodeld */; };
		FC2D145026B426CD007BC944 /* nomikopApp.swift in Sources */ = {isa = PBXBuildFile; fileRef = FC2D142426B426CB007BC944 /* nomikopApp.swift */; };
		FC2D145126B426CD007BC944 /* nomikopApp.swift in Sources */ = {isa = PBXBuildFile; fileRef = FC2D142426B426CB007BC944 /* nomikopApp.swift */; };
		FC2D145226B426CD007BC944 /* ContentView.swift in Sources */ = {isa = PBXBuildFile; fileRef = FC2D142526B426CB007BC944 /* ContentView.swift */; };
		FC2D145326B426CD007BC944 /* ContentView.swift in Sources */ = {isa = PBXBuildFile; fileRef = FC2D142526B426CB007BC944 /* ContentView.swift */; };
		FC2D145426B426CD007BC944 /* Persistence.swift in Sources */ = {isa = PBXBuildFile; fileRef = FC2D142626B426CB007BC944 /* Persistence.swift */; };
		FC2D145526B426CD007BC944 /* Persistence.swift in Sources */ = {isa = PBXBuildFile; fileRef = FC2D142626B426CB007BC944 /* Persistence.swift */; };
		FC2D145626B426CD007BC944 /* Assets.xcassets in Resources */ = {isa = PBXBuildFile; fileRef = FC2D142726B426CD007BC944 /* Assets.xcassets */; };
		FC2D145726B426CD007BC944 /* Assets.xcassets in Resources */ = {isa = PBXBuildFile; fileRef = FC2D142726B426CD007BC944 /* Assets.xcassets */; };
		FC2D146A26B4286F007BC944 /* OutsideScene.swift in Sources */ = {isa = PBXBuildFile; fileRef = FC2D146926B4286F007BC944 /* OutsideScene.swift */; };
		FC2D146B26B4286F007BC944 /* OutsideScene.swift in Sources */ = {isa = PBXBuildFile; fileRef = FC2D146926B4286F007BC944 /* OutsideScene.swift */; };
		FCE7369C26B7171700C7C71A /* GameState.swift in Sources */ = {isa = PBXBuildFile; fileRef = FCE7369B26B7171700C7C71A /* GameState.swift */; };
		FCE7369D26B7171700C7C71A /* GameState.swift in Sources */ = {isa = PBXBuildFile; fileRef = FCE7369B26B7171700C7C71A /* GameState.swift */; };
		FCE7369F26B71A0700C7C71A /* GameController.swift in Sources */ = {isa = PBXBuildFile; fileRef = FCE7369E26B71A0700C7C71A /* GameController.swift */; };
		FCE736A026B71A0700C7C71A /* GameController.swift in Sources */ = {isa = PBXBuildFile; fileRef = FCE7369E26B71A0700C7C71A /* GameController.swift */; };
		FCE736A226B72C8200C7C71A /* FightScene.swift in Sources */ = {isa = PBXBuildFile; fileRef = FCE736A126B72C8200C7C71A /* FightScene.swift */; };
		FCE736A326B72C8200C7C71A /* FightScene.swift in Sources */ = {isa = PBXBuildFile; fileRef = FCE736A126B72C8200C7C71A /* FightScene.swift */; };
/* End PBXBuildFile section */

/* Begin PBXContainerItemProxy section */
		FC2D143D26B426CD007BC944 /* PBXContainerItemProxy */ = {
			isa = PBXContainerItemProxy;
			containerPortal = FC2D141D26B426CB007BC944 /* Project object */;
			proxyType = 1;
			remoteGlobalIDString = FC2D142B26B426CD007BC944;
			remoteInfo = "nomikop (iOS)";
		};
		FC2D144826B426CD007BC944 /* PBXContainerItemProxy */ = {
			isa = PBXContainerItemProxy;
			containerPortal = FC2D141D26B426CB007BC944 /* Project object */;
			proxyType = 1;
			remoteGlobalIDString = FC2D143326B426CD007BC944;
			remoteInfo = "nomikop (macOS)";
		};
/* End PBXContainerItemProxy section */

/* Begin PBXFileReference section */
		FC2D142326B426CB007BC944 /* Shared.xcdatamodel */ = {isa = PBXFileReference; lastKnownFileType = wrapper.xcdatamodel; path = Shared.xcdatamodel; sourceTree = "<group>"; };
		FC2D142426B426CB007BC944 /* nomikopApp.swift */ = {isa = PBXFileReference; lastKnownFileType = sourcecode.swift; path = nomikopApp.swift; sourceTree = "<group>"; };
		FC2D142526B426CB007BC944 /* ContentView.swift */ = {isa = PBXFileReference; lastKnownFileType = sourcecode.swift; path = ContentView.swift; sourceTree = "<group>"; };
		FC2D142626B426CB007BC944 /* Persistence.swift */ = {isa = PBXFileReference; lastKnownFileType = sourcecode.swift; path = Persistence.swift; sourceTree = "<group>"; };
		FC2D142726B426CD007BC944 /* Assets.xcassets */ = {isa = PBXFileReference; lastKnownFileType = folder.assetcatalog; path = Assets.xcassets; sourceTree = "<group>"; };
		FC2D142C26B426CD007BC944 /* nomikop.app */ = {isa = PBXFileReference; explicitFileType = wrapper.application; includeInIndex = 0; path = nomikop.app; sourceTree = BUILT_PRODUCTS_DIR; };
		FC2D142F26B426CD007BC944 /* Info.plist */ = {isa = PBXFileReference; lastKnownFileType = text.plist.xml; path = Info.plist; sourceTree = "<group>"; };
		FC2D143426B426CD007BC944 /* nomikop.app */ = {isa = PBXFileReference; explicitFileType = wrapper.application; includeInIndex = 0; path = nomikop.app; sourceTree = BUILT_PRODUCTS_DIR; };
		FC2D143626B426CD007BC944 /* Info.plist */ = {isa = PBXFileReference; lastKnownFileType = text.plist.xml; path = Info.plist; sourceTree = "<group>"; };
		FC2D143726B426CD007BC944 /* macOS.entitlements */ = {isa = PBXFileReference; lastKnownFileType = text.plist.entitlements; path = macOS.entitlements; sourceTree = "<group>"; };
		FC2D143C26B426CD007BC944 /* Tests iOS.xctest */ = {isa = PBXFileReference; explicitFileType = wrapper.cfbundle; includeInIndex = 0; path = "Tests iOS.xctest"; sourceTree = BUILT_PRODUCTS_DIR; };
		FC2D144026B426CD007BC944 /* Tests_iOS.swift */ = {isa = PBXFileReference; lastKnownFileType = sourcecode.swift; path = Tests_iOS.swift; sourceTree = "<group>"; };
		FC2D144226B426CD007BC944 /* Info.plist */ = {isa = PBXFileReference; lastKnownFileType = text.plist.xml; path = Info.plist; sourceTree = "<group>"; };
		FC2D144726B426CD007BC944 /* Tests macOS.xctest */ = {isa = PBXFileReference; explicitFileType = wrapper.cfbundle; includeInIndex = 0; path = "Tests macOS.xctest"; sourceTree = BUILT_PRODUCTS_DIR; };
		FC2D144B26B426CD007BC944 /* Tests_macOS.swift */ = {isa = PBXFileReference; lastKnownFileType = sourcecode.swift; path = Tests_macOS.swift; sourceTree = "<group>"; };
		FC2D144D26B426CD007BC944 /* Info.plist */ = {isa = PBXFileReference; lastKnownFileType = text.plist.xml; path = Info.plist; sourceTree = "<group>"; };
		FC2D146926B4286F007BC944 /* OutsideScene.swift */ = {isa = PBXFileReference; lastKnownFileType = sourcecode.swift; path = OutsideScene.swift; sourceTree = "<group>"; };
		FCE7369B26B7171700C7C71A /* GameState.swift */ = {isa = PBXFileReference; lastKnownFileType = sourcecode.swift; path = GameState.swift; sourceTree = "<group>"; };
		FCE7369E26B71A0700C7C71A /* GameController.swift */ = {isa = PBXFileReference; lastKnownFileType = sourcecode.swift; path = GameController.swift; sourceTree = "<group>"; };
		FCE736A126B72C8200C7C71A /* FightScene.swift */ = {isa = PBXFileReference; lastKnownFileType = sourcecode.swift; path = FightScene.swift; sourceTree = "<group>"; };
/* End PBXFileReference section */

/* Begin PBXFrameworksBuildPhase section */
		FC2D142926B426CD007BC944 /* Frameworks */ = {
			isa = PBXFrameworksBuildPhase;
			buildActionMask = 2147483647;
			files = (
			);
			runOnlyForDeploymentPostprocessing = 0;
		};
		FC2D143126B426CD007BC944 /* Frameworks */ = {
			isa = PBXFrameworksBuildPhase;
			buildActionMask = 2147483647;
			files = (
			);
			runOnlyForDeploymentPostprocessing = 0;
		};
		FC2D143926B426CD007BC944 /* Frameworks */ = {
			isa = PBXFrameworksBuildPhase;
			buildActionMask = 2147483647;
			files = (
			);
			runOnlyForDeploymentPostprocessing = 0;
		};
		FC2D144426B426CD007BC944 /* Frameworks */ = {
			isa = PBXFrameworksBuildPhase;
			buildActionMask = 2147483647;
			files = (
			);
			runOnlyForDeploymentPostprocessing = 0;
		};
/* End PBXFrameworksBuildPhase section */

/* Begin PBXGroup section */
		FC2D141C26B426CB007BC944 = {
			isa = PBXGroup;
			children = (
				FC2D142126B426CB007BC944 /* Shared */,
				FC2D142E26B426CD007BC944 /* iOS */,
				FC2D143526B426CD007BC944 /* macOS */,
				FC2D143F26B426CD007BC944 /* Tests iOS */,
				FC2D144A26B426CD007BC944 /* Tests macOS */,
				FC2D142D26B426CD007BC944 /* Products */,
			);
			sourceTree = "<group>";
		};
		FC2D142126B426CB007BC944 /* Shared */ = {
			isa = PBXGroup;
			children = (
				FC2D142426B426CB007BC944 /* nomikopApp.swift */,
				FC2D142526B426CB007BC944 /* ContentView.swift */,
				FC2D146926B4286F007BC944 /* OutsideScene.swift */,
				FCE736A126B72C8200C7C71A /* FightScene.swift */,
				FCE7369E26B71A0700C7C71A /* GameController.swift */,
				FCE7369B26B7171700C7C71A /* GameState.swift */,
				FC2D142626B426CB007BC944 /* Persistence.swift */,
				FC2D142726B426CD007BC944 /* Assets.xcassets */,
				FC2D142226B426CB007BC944 /* nomikop.xcdatamodeld */,
			);
			path = Shared;
			sourceTree = "<group>";
		};
		FC2D142D26B426CD007BC944 /* Products */ = {
			isa = PBXGroup;
			children = (
				FC2D142C26B426CD007BC944 /* nomikop.app */,
				FC2D143426B426CD007BC944 /* nomikop.app */,
				FC2D143C26B426CD007BC944 /* Tests iOS.xctest */,
				FC2D144726B426CD007BC944 /* Tests macOS.xctest */,
			);
			name = Products;
			sourceTree = "<group>";
		};
		FC2D142E26B426CD007BC944 /* iOS */ = {
			isa = PBXGroup;
			children = (
				FC2D142F26B426CD007BC944 /* Info.plist */,
			);
			path = iOS;
			sourceTree = "<group>";
		};
		FC2D143526B426CD007BC944 /* macOS */ = {
			isa = PBXGroup;
			children = (
				FC2D143626B426CD007BC944 /* Info.plist */,
				FC2D143726B426CD007BC944 /* macOS.entitlements */,
			);
			path = macOS;
			sourceTree = "<group>";
		};
		FC2D143F26B426CD007BC944 /* Tests iOS */ = {
			isa = PBXGroup;
			children = (
				FC2D144026B426CD007BC944 /* Tests_iOS.swift */,
				FC2D144226B426CD007BC944 /* Info.plist */,
			);
			path = "Tests iOS";
			sourceTree = "<group>";
		};
		FC2D144A26B426CD007BC944 /* Tests macOS */ = {
			isa = PBXGroup;
			children = (
				FC2D144B26B426CD007BC944 /* Tests_macOS.swift */,
				FC2D144D26B426CD007BC944 /* Info.plist */,
			);
			path = "Tests macOS";
			sourceTree = "<group>";
		};
/* End PBXGroup section */

/* Begin PBXNativeTarget section */
		FC2D142B26B426CD007BC944 /* nomikop (iOS) */ = {
			isa = PBXNativeTarget;
			buildConfigurationList = FC2D145A26B426CD007BC944 /* Build configuration list for PBXNativeTarget "nomikop (iOS)" */;
			buildPhases = (
				FC2D142826B426CD007BC944 /* Sources */,
				FC2D142926B426CD007BC944 /* Frameworks */,
				FC2D142A26B426CD007BC944 /* Resources */,
			);
			buildRules = (
			);
			dependencies = (
			);
			name = "nomikop (iOS)";
			productName = "nomikop (iOS)";
			productReference = FC2D142C26B426CD007BC944 /* nomikop.app */;
			productType = "com.apple.product-type.application";
		};
		FC2D143326B426CD007BC944 /* nomikop (macOS) */ = {
			isa = PBXNativeTarget;
			buildConfigurationList = FC2D145D26B426CD007BC944 /* Build configuration list for PBXNativeTarget "nomikop (macOS)" */;
			buildPhases = (
				FC2D143026B426CD007BC944 /* Sources */,
				FC2D143126B426CD007BC944 /* Frameworks */,
				FC2D143226B426CD007BC944 /* Resources */,
			);
			buildRules = (
			);
			dependencies = (
			);
			name = "nomikop (macOS)";
			productName = "nomikop (macOS)";
			productReference = FC2D143426B426CD007BC944 /* nomikop.app */;
			productType = "com.apple.product-type.application";
		};
		FC2D143B26B426CD007BC944 /* Tests iOS */ = {
			isa = PBXNativeTarget;
			buildConfigurationList = FC2D146026B426CD007BC944 /* Build configuration list for PBXNativeTarget "Tests iOS" */;
			buildPhases = (
				FC2D143826B426CD007BC944 /* Sources */,
				FC2D143926B426CD007BC944 /* Frameworks */,
				FC2D143A26B426CD007BC944 /* Resources */,
			);
			buildRules = (
			);
			dependencies = (
				FC2D143E26B426CD007BC944 /* PBXTargetDependency */,
			);
			name = "Tests iOS";
			productName = "Tests iOS";
			productReference = FC2D143C26B426CD007BC944 /* Tests iOS.xctest */;
			productType = "com.apple.product-type.bundle.ui-testing";
		};
		FC2D144626B426CD007BC944 /* Tests macOS */ = {
			isa = PBXNativeTarget;
			buildConfigurationList = FC2D146326B426CD007BC944 /* Build configuration list for PBXNativeTarget "Tests macOS" */;
			buildPhases = (
				FC2D144326B426CD007BC944 /* Sources */,
				FC2D144426B426CD007BC944 /* Frameworks */,
				FC2D144526B426CD007BC944 /* Resources */,
			);
			buildRules = (
			);
			dependencies = (
				FC2D144926B426CD007BC944 /* PBXTargetDependency */,
			);
			name = "Tests macOS";
			productName = "Tests macOS";
			productReference = FC2D144726B426CD007BC944 /* Tests macOS.xctest */;
			productType = "com.apple.product-type.bundle.ui-testing";
		};
/* End PBXNativeTarget section */

/* Begin PBXProject section */
		FC2D141D26B426CB007BC944 /* Project object */ = {
			isa = PBXProject;
			attributes = {
				LastSwiftUpdateCheck = 1250;
				LastUpgradeCheck = 1250;
				TargetAttributes = {
					FC2D142B26B426CD007BC944 = {
						CreatedOnToolsVersion = 12.5.1;
					};
					FC2D143326B426CD007BC944 = {
						CreatedOnToolsVersion = 12.5.1;
					};
					FC2D143B26B426CD007BC944 = {
						CreatedOnToolsVersion = 12.5.1;
						TestTargetID = FC2D142B26B426CD007BC944;
					};
					FC2D144626B426CD007BC944 = {
						CreatedOnToolsVersion = 12.5.1;
						TestTargetID = FC2D143326B426CD007BC944;
					};
				};
			};
			buildConfigurationList = FC2D142026B426CB007BC944 /* Build configuration list for PBXProject "nomikop" */;
			compatibilityVersion = "Xcode 9.3";
			developmentRegion = en;
			hasScannedForEncodings = 0;
			knownRegions = (
				en,
				Base,
			);
			mainGroup = FC2D141C26B426CB007BC944;
			productRefGroup = FC2D142D26B426CD007BC944 /* Products */;
			projectDirPath = "";
			projectRoot = "";
			targets = (
				FC2D142B26B426CD007BC944 /* nomikop (iOS) */,
				FC2D143326B426CD007BC944 /* nomikop (macOS) */,
				FC2D143B26B426CD007BC944 /* Tests iOS */,
				FC2D144626B426CD007BC944 /* Tests macOS */,
			);
		};
/* End PBXProject section */

/* Begin PBXResourcesBuildPhase section */
		FC2D142A26B426CD007BC944 /* Resources */ = {
			isa = PBXResourcesBuildPhase;
			buildActionMask = 2147483647;
			files = (
				FC2D145626B426CD007BC944 /* Assets.xcassets in Resources */,
			);
			runOnlyForDeploymentPostprocessing = 0;
		};
		FC2D143226B426CD007BC944 /* Resources */ = {
			isa = PBXResourcesBuildPhase;
			buildActionMask = 2147483647;
			files = (
				FC2D145726B426CD007BC944 /* Assets.xcassets in Resources */,
			);
			runOnlyForDeploymentPostprocessing = 0;
		};
		FC2D143A26B426CD007BC944 /* Resources */ = {
			isa = PBXResourcesBuildPhase;
			buildActionMask = 2147483647;
			files = (
			);
			runOnlyForDeploymentPostprocessing = 0;
		};
		FC2D144526B426CD007BC944 /* Resources */ = {
			isa = PBXResourcesBuildPhase;
			buildActionMask = 2147483647;
			files = (
			);
			runOnlyForDeploymentPostprocessing = 0;
		};
/* End PBXResourcesBuildPhase section */

/* Begin PBXSourcesBuildPhase section */
		FC2D142826B426CD007BC944 /* Sources */ = {
			isa = PBXSourcesBuildPhase;
			buildActionMask = 2147483647;
			files = (
				FC2D146A26B4286F007BC944 /* OutsideScene.swift in Sources */,
				FCE7369C26B7171700C7C71A /* GameState.swift in Sources */,
				FC2D144E26B426CD007BC944 /* nomikop.xcdatamodeld in Sources */,
				FCE736A226B72C8200C7C71A /* FightScene.swift in Sources */,
				FC2D145426B426CD007BC944 /* Persistence.swift in Sources */,
				FC2D145026B426CD007BC944 /* nomikopApp.swift in Sources */,
				FC2D145226B426CD007BC944 /* ContentView.swift in Sources */,
				FCE7369F26B71A0700C7C71A /* GameController.swift in Sources */,
			);
			runOnlyForDeploymentPostprocessing = 0;
		};
		FC2D143026B426CD007BC944 /* Sources */ = {
			isa = PBXSourcesBuildPhase;
			buildActionMask = 2147483647;
			files = (
				FC2D146B26B4286F007BC944 /* OutsideScene.swift in Sources */,
				FCE7369D26B7171700C7C71A /* GameState.swift in Sources */,
				FC2D144F26B426CD007BC944 /* nomikop.xcdatamodeld in Sources */,
				FCE736A326B72C8200C7C71A /* FightScene.swift in Sources */,
				FC2D145526B426CD007BC944 /* Persistence.swift in Sources */,
				FC2D145126B426CD007BC944 /* nomikopApp.swift in Sources */,
				FC2D145326B426CD007BC944 /* ContentView.swift in Sources */,
				FCE736A026B71A0700C7C71A /* GameController.swift in Sources */,
			);
			runOnlyForDeploymentPostprocessing = 0;
		};
		FC2D143826B426CD007BC944 /* Sources */ = {
			isa = PBXSourcesBuildPhase;
			buildActionMask = 2147483647;
			files = (
				FC2D144126B426CD007BC944 /* Tests_iOS.swift in Sources */,
			);
			runOnlyForDeploymentPostprocessing = 0;
		};
		FC2D144326B426CD007BC944 /* Sources */ = {
			isa = PBXSourcesBuildPhase;
			buildActionMask = 2147483647;
			files = (
				FC2D144C26B426CD007BC944 /* Tests_macOS.swift in Sources */,
			);
			runOnlyForDeploymentPostprocessing = 0;
		};
/* End PBXSourcesBuildPhase section */

/* Begin PBXTargetDependency section */
		FC2D143E26B426CD007BC944 /* PBXTargetDependency */ = {
			isa = PBXTargetDependency;
			target = FC2D142B26B426CD007BC944 /* nomikop (iOS) */;
			targetProxy = FC2D143D26B426CD007BC944 /* PBXContainerItemProxy */;
		};
		FC2D144926B426CD007BC944 /* PBXTargetDependency */ = {
			isa = PBXTargetDependency;
			target = FC2D143326B426CD007BC944 /* nomikop (macOS) */;
			targetProxy = FC2D144826B426CD007BC944 /* PBXContainerItemProxy */;
		};
/* End PBXTargetDependency section */

/* Begin XCBuildConfiguration section */
		FC2D145826B426CD007BC944 /* Debug */ = {
			isa = XCBuildConfiguration;
			buildSettings = {
				ALWAYS_SEARCH_USER_PATHS = NO;
				CLANG_ANALYZER_NONNULL = YES;
				CLANG_ANALYZER_NUMBER_OBJECT_CONVERSION = YES_AGGRESSIVE;
				CLANG_CXX_LANGUAGE_STANDARD = "gnu++14";
				CLANG_CXX_LIBRARY = "libc++";
				CLANG_ENABLE_MODULES = YES;
				CLANG_ENABLE_OBJC_ARC = YES;
				CLANG_ENABLE_OBJC_WEAK = YES;
				CLANG_WARN_BLOCK_CAPTURE_AUTORELEASING = YES;
				CLANG_WARN_BOOL_CONVERSION = YES;
				CLANG_WARN_COMMA = YES;
				CLANG_WARN_CONSTANT_CONVERSION = YES;
				CLANG_WARN_DEPRECATED_OBJC_IMPLEMENTATIONS = YES;
				CLANG_WARN_DIRECT_OBJC_ISA_USAGE = YES_ERROR;
				CLANG_WARN_DOCUMENTATION_COMMENTS = YES;
				CLANG_WARN_EMPTY_BODY = YES;
				CLANG_WARN_ENUM_CONVERSION = YES;
				CLANG_WARN_INFINITE_RECURSION = YES;
				CLANG_WARN_INT_CONVERSION = YES;
				CLANG_WARN_NON_LITERAL_NULL_CONVERSION = YES;
				CLANG_WARN_OBJC_IMPLICIT_RETAIN_SELF = YES;
				CLANG_WARN_OBJC_LITERAL_CONVERSION = YES;
				CLANG_WARN_OBJC_ROOT_CLASS = YES_ERROR;
				CLANG_WARN_QUOTED_INCLUDE_IN_FRAMEWORK_HEADER = YES;
				CLANG_WARN_RANGE_LOOP_ANALYSIS = YES;
				CLANG_WARN_STRICT_PROTOTYPES = YES;
				CLANG_WARN_SUSPICIOUS_MOVE = YES;
				CLANG_WARN_UNGUARDED_AVAILABILITY = YES_AGGRESSIVE;
				CLANG_WARN_UNREACHABLE_CODE = YES;
				CLANG_WARN__DUPLICATE_METHOD_MATCH = YES;
				COPY_PHASE_STRIP = NO;
				DEBUG_INFORMATION_FORMAT = dwarf;
				ENABLE_STRICT_OBJC_MSGSEND = YES;
				ENABLE_TESTABILITY = YES;
				GCC_C_LANGUAGE_STANDARD = gnu11;
				GCC_DYNAMIC_NO_PIC = NO;
				GCC_NO_COMMON_BLOCKS = YES;
				GCC_OPTIMIZATION_LEVEL = 0;
				GCC_PREPROCESSOR_DEFINITIONS = (
					"DEBUG=1",
					"$(inherited)",
				);
				GCC_WARN_64_TO_32_BIT_CONVERSION = YES;
				GCC_WARN_ABOUT_RETURN_TYPE = YES_ERROR;
				GCC_WARN_UNDECLARED_SELECTOR = YES;
				GCC_WARN_UNINITIALIZED_AUTOS = YES_AGGRESSIVE;
				GCC_WARN_UNUSED_FUNCTION = YES;
				GCC_WARN_UNUSED_VARIABLE = YES;
				MTL_ENABLE_DEBUG_INFO = INCLUDE_SOURCE;
				MTL_FAST_MATH = YES;
				ONLY_ACTIVE_ARCH = YES;
				SWIFT_ACTIVE_COMPILATION_CONDITIONS = DEBUG;
				SWIFT_OPTIMIZATION_LEVEL = "-Onone";
			};
			name = Debug;
		};
		FC2D145926B426CD007BC944 /* Release */ = {
			isa = XCBuildConfiguration;
			buildSettings = {
				ALWAYS_SEARCH_USER_PATHS = NO;
				CLANG_ANALYZER_NONNULL = YES;
				CLANG_ANALYZER_NUMBER_OBJECT_CONVERSION = YES_AGGRESSIVE;
				CLANG_CXX_LANGUAGE_STANDARD = "gnu++14";
				CLANG_CXX_LIBRARY = "libc++";
				CLANG_ENABLE_MODULES = YES;
				CLANG_ENABLE_OBJC_ARC = YES;
				CLANG_ENABLE_OBJC_WEAK = YES;
				CLANG_WARN_BLOCK_CAPTURE_AUTORELEASING = YES;
				CLANG_WARN_BOOL_CONVERSION = YES;
				CLANG_WARN_COMMA = YES;
				CLANG_WARN_CONSTANT_CONVERSION = YES;
				CLANG_WARN_DEPRECATED_OBJC_IMPLEMENTATIONS = YES;
				CLANG_WARN_DIRECT_OBJC_ISA_USAGE = YES_ERROR;
				CLANG_WARN_DOCUMENTATION_COMMENTS = YES;
				CLANG_WARN_EMPTY_BODY = YES;
				CLANG_WARN_ENUM_CONVERSION = YES;
				CLANG_WARN_INFINITE_RECURSION = YES;
				CLANG_WARN_INT_CONVERSION = YES;
				CLANG_WARN_NON_LITERAL_NULL_CONVERSION = YES;
				CLANG_WARN_OBJC_IMPLICIT_RETAIN_SELF = YES;
				CLANG_WARN_OBJC_LITERAL_CONVERSION = YES;
				CLANG_WARN_OBJC_ROOT_CLASS = YES_ERROR;
				CLANG_WARN_QUOTED_INCLUDE_IN_FRAMEWORK_HEADER = YES;
				CLANG_WARN_RANGE_LOOP_ANALYSIS = YES;
				CLANG_WARN_STRICT_PROTOTYPES = YES;
				CLANG_WARN_SUSPICIOUS_MOVE = YES;
				CLANG_WARN_UNGUARDED_AVAILABILITY = YES_AGGRESSIVE;
				CLANG_WARN_UNREACHABLE_CODE = YES;
				CLANG_WARN__DUPLICATE_METHOD_MATCH = YES;
				COPY_PHASE_STRIP = NO;
				DEBUG_INFORMATION_FORMAT = "dwarf-with-dsym";
				ENABLE_NS_ASSERTIONS = NO;
				ENABLE_STRICT_OBJC_MSGSEND = YES;
				GCC_C_LANGUAGE_STANDARD = gnu11;
				GCC_NO_COMMON_BLOCKS = YES;
				GCC_WARN_64_TO_32_BIT_CONVERSION = YES;
				GCC_WARN_ABOUT_RETURN_TYPE = YES_ERROR;
				GCC_WARN_UNDECLARED_SELECTOR = YES;
				GCC_WARN_UNINITIALIZED_AUTOS = YES_AGGRESSIVE;
				GCC_WARN_UNUSED_FUNCTION = YES;
				GCC_WARN_UNUSED_VARIABLE = YES;
				MTL_ENABLE_DEBUG_INFO = NO;
				MTL_FAST_MATH = YES;
				SWIFT_COMPILATION_MODE = wholemodule;
				SWIFT_OPTIMIZATION_LEVEL = "-O";
			};
			name = Release;
		};
		FC2D145B26B426CD007BC944 /* Debug */ = {
			isa = XCBuildConfiguration;
			buildSettings = {
				ASSETCATALOG_COMPILER_APPICON_NAME = AppIcon;
				ASSETCATALOG_COMPILER_GLOBAL_ACCENT_COLOR_NAME = AccentColor;
				CODE_SIGN_STYLE = Automatic;
				DEVELOPMENT_TEAM = 6S6CH5CWHF;
				ENABLE_PREVIEWS = YES;
				INFOPLIST_FILE = iOS/Info.plist;
				IPHONEOS_DEPLOYMENT_TARGET = 14.0;
				LD_RUNPATH_SEARCH_PATHS = (
					"$(inherited)",
					"@executable_path/Frameworks",
				);
				PRODUCT_BUNDLE_IDENTIFIER = fkropfhamer.nomikop;
				PRODUCT_NAME = nomikop;
				SDKROOT = iphoneos;
				SWIFT_VERSION = 5.0;
				TARGETED_DEVICE_FAMILY = "1,2";
			};
			name = Debug;
		};
		FC2D145C26B426CD007BC944 /* Release */ = {
			isa = XCBuildConfiguration;
			buildSettings = {
				ASSETCATALOG_COMPILER_APPICON_NAME = AppIcon;
				ASSETCATALOG_COMPILER_GLOBAL_ACCENT_COLOR_NAME = AccentColor;
				CODE_SIGN_STYLE = Automatic;
				DEVELOPMENT_TEAM = 6S6CH5CWHF;
				ENABLE_PREVIEWS = YES;
				INFOPLIST_FILE = iOS/Info.plist;
				IPHONEOS_DEPLOYMENT_TARGET = 14.0;
				LD_RUNPATH_SEARCH_PATHS = (
					"$(inherited)",
					"@executable_path/Frameworks",
				);
				PRODUCT_BUNDLE_IDENTIFIER = fkropfhamer.nomikop;
				PRODUCT_NAME = nomikop;
				SDKROOT = iphoneos;
				SWIFT_VERSION = 5.0;
				TARGETED_DEVICE_FAMILY = "1,2";
				VALIDATE_PRODUCT = YES;
			};
			name = Release;
		};
		FC2D145E26B426CD007BC944 /* Debug */ = {
			isa = XCBuildConfiguration;
			buildSettings = {
				ASSETCATALOG_COMPILER_APPICON_NAME = AppIcon;
				ASSETCATALOG_COMPILER_GLOBAL_ACCENT_COLOR_NAME = AccentColor;
				CODE_SIGN_ENTITLEMENTS = macOS/macOS.entitlements;
				CODE_SIGN_STYLE = Automatic;
				COMBINE_HIDPI_IMAGES = YES;
				DEVELOPMENT_TEAM = 6S6CH5CWHF;
				ENABLE_HARDENED_RUNTIME = YES;
				ENABLE_PREVIEWS = YES;
				INFOPLIST_FILE = macOS/Info.plist;
				LD_RUNPATH_SEARCH_PATHS = (
					"$(inherited)",
					"@executable_path/../Frameworks",
				);
				MACOSX_DEPLOYMENT_TARGET = 11.0;
				PRODUCT_BUNDLE_IDENTIFIER = fkropfhamer.nomikop;
				PRODUCT_NAME = nomikop;
				SDKROOT = macosx;
				SWIFT_VERSION = 5.0;
			};
			name = Debug;
		};
		FC2D145F26B426CD007BC944 /* Release */ = {
			isa = XCBuildConfiguration;
			buildSettings = {
				ASSETCATALOG_COMPILER_APPICON_NAME = AppIcon;
				ASSETCATALOG_COMPILER_GLOBAL_ACCENT_COLOR_NAME = AccentColor;
				CODE_SIGN_ENTITLEMENTS = macOS/macOS.entitlements;
				CODE_SIGN_STYLE = Automatic;
				COMBINE_HIDPI_IMAGES = YES;
				DEVELOPMENT_TEAM = 6S6CH5CWHF;
				ENABLE_HARDENED_RUNTIME = YES;
				ENABLE_PREVIEWS = YES;
				INFOPLIST_FILE = macOS/Info.plist;
				LD_RUNPATH_SEARCH_PATHS = (
					"$(inherited)",
					"@executable_path/../Frameworks",
				);
				MACOSX_DEPLOYMENT_TARGET = 11.0;
				PRODUCT_BUNDLE_IDENTIFIER = fkropfhamer.nomikop;
				PRODUCT_NAME = nomikop;
				SDKROOT = macosx;
				SWIFT_VERSION = 5.0;
			};
			name = Release;
		};
		FC2D146126B426CD007BC944 /* Debug */ = {
			isa = XCBuildConfiguration;
			buildSettings = {
				ALWAYS_EMBED_SWIFT_STANDARD_LIBRARIES = YES;
				CODE_SIGN_STYLE = Automatic;
				DEVELOPMENT_TEAM = 72NB276V5L;
				INFOPLIST_FILE = "Tests iOS/Info.plist";
				IPHONEOS_DEPLOYMENT_TARGET = 14.5;
				LD_RUNPATH_SEARCH_PATHS = (
					"$(inherited)",
					"@executable_path/Frameworks",
					"@loader_path/Frameworks",
				);
				PRODUCT_BUNDLE_IDENTIFIER = "fkropfhamer.Tests-iOS";
				PRODUCT_NAME = "$(TARGET_NAME)";
				SDKROOT = iphoneos;
				SWIFT_VERSION = 5.0;
				TARGETED_DEVICE_FAMILY = "1,2";
				TEST_TARGET_NAME = "nomikop (iOS)";
			};
			name = Debug;
		};
		FC2D146226B426CD007BC944 /* Release */ = {
			isa = XCBuildConfiguration;
			buildSettings = {
				ALWAYS_EMBED_SWIFT_STANDARD_LIBRARIES = YES;
				CODE_SIGN_STYLE = Automatic;
				DEVELOPMENT_TEAM = 72NB276V5L;
				INFOPLIST_FILE = "Tests iOS/Info.plist";
				IPHONEOS_DEPLOYMENT_TARGET = 14.5;
				LD_RUNPATH_SEARCH_PATHS = (
					"$(inherited)",
					"@executable_path/Frameworks",
					"@loader_path/Frameworks",
				);
				PRODUCT_BUNDLE_IDENTIFIER = "fkropfhamer.Tests-iOS";
				PRODUCT_NAME = "$(TARGET_NAME)";
				SDKROOT = iphoneos;
				SWIFT_VERSION = 5.0;
				TARGETED_DEVICE_FAMILY = "1,2";
				TEST_TARGET_NAME = "nomikop (iOS)";
				VALIDATE_PRODUCT = YES;
			};
			name = Release;
		};
		FC2D146426B426CD007BC944 /* Debug */ = {
			isa = XCBuildConfiguration;
			buildSettings = {
				ALWAYS_EMBED_SWIFT_STANDARD_LIBRARIES = YES;
				CODE_SIGN_STYLE = Automatic;
				COMBINE_HIDPI_IMAGES = YES;
				DEVELOPMENT_TEAM = 72NB276V5L;
				INFOPLIST_FILE = "Tests macOS/Info.plist";
				LD_RUNPATH_SEARCH_PATHS = (
					"$(inherited)",
					"@executable_path/../Frameworks",
					"@loader_path/../Frameworks",
				);
				MACOSX_DEPLOYMENT_TARGET = 11.3;
				PRODUCT_BUNDLE_IDENTIFIER = "fkropfhamer.Tests-macOS";
				PRODUCT_NAME = "$(TARGET_NAME)";
				SDKROOT = macosx;
				SWIFT_VERSION = 5.0;
				TEST_TARGET_NAME = "nomikop (macOS)";
			};
			name = Debug;
		};
		FC2D146526B426CD007BC944 /* Release */ = {
			isa = XCBuildConfiguration;
			buildSettings = {
				ALWAYS_EMBED_SWIFT_STANDARD_LIBRARIES = YES;
				CODE_SIGN_STYLE = Automatic;
				COMBINE_HIDPI_IMAGES = YES;
				DEVELOPMENT_TEAM = 72NB276V5L;
				INFOPLIST_FILE = "Tests macOS/Info.plist";
				LD_RUNPATH_SEARCH_PATHS = (
					"$(inherited)",
					"@executable_path/../Frameworks",
					"@loader_path/../Frameworks",
				);
				MACOSX_DEPLOYMENT_TARGET = 11.3;
				PRODUCT_BUNDLE_IDENTIFIER = "fkropfhamer.Tests-macOS";
				PRODUCT_NAME = "$(TARGET_NAME)";
				SDKROOT = macosx;
				SWIFT_VERSION = 5.0;
				TEST_TARGET_NAME = "nomikop (macOS)";
			};
			name = Release;
		};
/* End XCBuildConfiguration section */

/* Begin XCConfigurationList section */
		FC2D142026B426CB007BC944 /* Build configuration list for PBXProject "nomikop" */ = {
			isa = XCConfigurationList;
			buildConfigurations = (
				FC2D145826B426CD007BC944 /* Debug */,
				FC2D145926B426CD007BC944 /* Release */,
			);
			defaultConfigurationIsVisible = 0;
			defaultConfigurationName = Release;
		};
		FC2D145A26B426CD007BC944 /* Build configuration list for PBXNativeTarget "nomikop (iOS)" */ = {
			isa = XCConfigurationList;
			buildConfigurations = (
				FC2D145B26B426CD007BC944 /* Debug */,
				FC2D145C26B426CD007BC944 /* Release */,
			);
			defaultConfigurationIsVisible = 0;
			defaultConfigurationName = Release;
		};
		FC2D145D26B426CD007BC944 /* Build configuration list for PBXNativeTarget "nomikop (macOS)" */ = {
			isa = XCConfigurationList;
			buildConfigurations = (
				FC2D145E26B426CD007BC944 /* Debug */,
				FC2D145F26B426CD007BC944 /* Release */,
			);
			defaultConfigurationIsVisible = 0;
			defaultConfigurationName = Release;
		};
		FC2D146026B426CD007BC944 /* Build configuration list for PBXNativeTarget "Tests iOS" */ = {
			isa = XCConfigurationList;
			buildConfigurations = (
				FC2D146126B426CD007BC944 /* Debug */,
				FC2D146226B426CD007BC944 /* Release */,
			);
			defaultConfigurationIsVisible = 0;
			defaultConfigurationName = Release;
		};
		FC2D146326B426CD007BC944 /* Build configuration list for PBXNativeTarget "Tests macOS" */ = {
			isa = XCConfigurationList;
			buildConfigurations = (
				FC2D146426B426CD007BC944 /* Debug */,
				FC2D146526B426CD007BC944 /* Release */,
			);
			defaultConfigurationIsVisible = 0;
			defaultConfigurationName = Release;
		};
/* End XCConfigurationList section */

/* Begin XCVersionGroup section */
		FC2D142226B426CB007BC944 /* nomikop.xcdatamodeld */ = {
			isa = XCVersionGroup;
			children = (
				FC2D142326B426CB007BC944 /* Shared.xcdatamodel */,
			);
			currentVersion = FC2D142326B426CB007BC944 /* Shared.xcdatamodel */;
			path = nomikop.xcdatamodeld;
			sourceTree = "<group>";
			versionGroupType = wrapper.xcdatamodel;
		};
/* End XCVersionGroup section */
	};
	rootObject = FC2D141D26B426CB007BC944 /* Project object */;
}
